<Solution>
  <Folder Name="/backend/">
    <Project Path="backend/AzureFunctions/AzureFunctions.csproj" />
    <Project Path="backend/Core/Core.csproj" />
    <Project Path="backend/Infrastructure/Infrastructure.csproj" />
    <Project Path="backend/LocalApi/LocalApi.csproj" />
  </Folder>
</Solution>
